
Microsoft Visual Studio Solution File, Format Version 12.00
# Visual Studio Version 16
VisualStudioVersion = 16.0.31729.503
MinimumVisualStudioVersion = 10.0.40219.1
Project("{9A19103F-16F7-4668-BE54-9A1E7A4F7556}") = "Api", "Api\Api.csproj", "{DB1BF487-EABF-4E30-909D-753937BDBFAF}"
EndProject
Project("{9A19103F-16F7-4668-BE54-9A1E7A4F7556}") = "Application", "Application\Application.csproj", "{2EAA953E-0545-44EE-B58E-19AB6A770640}"
EndProject
Project("{9A19103F-16F7-4668-BE54-9A1E7A4F7556}") = "Domain", "Domain\Domain.csproj", "{F3CE66CA-8777-444F-82A3-A5DC666E5E4C}"
EndProject
Project("{9A19103F-16F7-4668-BE54-9A1E7A4F7556}") = "Persistence", "Persistence\Persistence.csproj", "{977C84E0-34EB-462D-BF45-36880AB00603}"
EndProject
Global
	GlobalSection(SolutionConfigurationPlatforms) = preSolution
		Debug|Any CPU = Debug|Any CPU
		Release|Any CPU = Release|Any CPU
	EndGlobalSection
	GlobalSection(ProjectConfigurationPlatforms) = postSolution
		{DB1BF487-EABF-4E30-909D-753937BDBFAF}.Debug|Any CPU.ActiveCfg = Debug|Any CPU
		{DB1BF487-EABF-4E30-909D-753937BDBFAF}.Debug|Any CPU.Build.0 = Debug|Any CPU
		{DB1BF487-EABF-4E30-909D-753937BDBFAF}.Release|Any CPU.ActiveCfg = Release|Any CPU
		{DB1BF487-EABF-4E30-909D-753937BDBFAF}.Release|Any CPU.Build.0 = Release|Any CPU
		{2EAA953E-0545-44EE-B58E-19AB6A770640}.Debug|Any CPU.ActiveCfg = Debug|Any CPU
		{2EAA953E-0545-44EE-B58E-19AB6A770640}.Debug|Any CPU.Build.0 = Debug|Any CPU
		{2EAA953E-0545-44EE-B58E-19AB6A770640}.Release|Any CPU.ActiveCfg = Release|Any CPU
		{2EAA953E-0545-44EE-B58E-19AB6A770640}.Release|Any CPU.Build.0 = Release|Any CPU
		{F3CE66CA-8777-444F-82A3-A5DC666E5E4C}.Debug|Any CPU.ActiveCfg = Debug|Any CPU
		{F3CE66CA-8777-444F-82A3-A5DC666E5E4C}.Debug|Any CPU.Build.0 = Debug|Any CPU
		{F3CE66CA-8777-444F-82A3-A5DC666E5E4C}.Release|Any CPU.ActiveCfg = Release|Any CPU
		{F3CE66CA-8777-444F-82A3-A5DC666E5E4C}.Release|Any CPU.Build.0 = Release|Any CPU
		{977C84E0-34EB-462D-BF45-36880AB00603}.Debug|Any CPU.ActiveCfg = Debug|Any CPU
		{977C84E0-34EB-462D-BF45-36880AB00603}.Debug|Any CPU.Build.0 = Debug|Any CPU
		{977C84E0-34EB-462D-BF45-36880AB00603}.Release|Any CPU.ActiveCfg = Release|Any CPU
		{977C84E0-34EB-462D-BF45-36880AB00603}.Release|Any CPU.Build.0 = Release|Any CPU
	EndGlobalSection
	GlobalSection(SolutionProperties) = preSolution
		HideSolutionNode = FALSE
	EndGlobalSection
	GlobalSection(ExtensibilityGlobals) = postSolution
		SolutionGuid = {F9A96934-FC16-4A1C-AFBD-9F41A751EDCB}
	EndGlobalSection
EndGlobal
